
Microsoft Visual Studio Solution File, Format Version 12.00
# Visual Studio Version 17
VisualStudioVersion = 17.5.002.0
MinimumVisualStudioVersion = 10.0.40219.1
Project("{9A19103F-16F7-4668-BE54-9A1E7A4F7556}") = "mouse-events", "mouse-events.csproj", "{FD6B7AF7-B811-4681-A49E-CB9D7F972C99}"
EndProject
Global
	GlobalSection(SolutionConfigurationPlatforms) = preSolution
		Debug|Any CPU = Debug|Any CPU
		Release|Any CPU = Release|Any CPU
	EndGlobalSection
	GlobalSection(ProjectConfigurationPlatforms) = postSolution
		{FD6B7AF7-B811-4681-A49E-CB9D7F972C99}.Debug|Any CPU.ActiveCfg = Debug|Any CPU
		{FD6B7AF7-B811-4681-A49E-CB9D7F972C99}.Debug|Any CPU.Build.0 = Debug|Any CPU
		{FD6B7AF7-B811-4681-A49E-CB9D7F972C99}.Release|Any CPU.ActiveCfg = Release|Any CPU
		{FD6B7AF7-B811-4681-A49E-CB9D7F972C99}.Release|Any CPU.Build.0 = Release|Any CPU
	EndGlobalSection
	GlobalSection(SolutionProperties) = preSolution
		HideSolutionNode = FALSE
	EndGlobalSection
	GlobalSection(ExtensibilityGlobals) = postSolution
		SolutionGuid = {35014BBF-D351-41F5-9521-BC10957C9FF9}
	EndGlobalSection
EndGlobal
